// !$*UTF8*$!
{
	archiveVersion = 1;
	classes = {
	};
	objectVersion = 56;
	objects = {

/* Begin PBXBuildFile section */
		B40C49E229F6B20A0024207D /* StockScreenerApp.swift in Sources */ = {isa = PBXBuildFile; fileRef = B40C49E129F6B20A0024207D /* StockScreenerApp.swift */; };
		B40C49E429F6B20A0024207D /* SwiftUIView.swift in Sources */ = {isa = PBXBuildFile; fileRef = B40C49E329F6B20A0024207D /* SwiftUIView.swift */; };
		B40C49E629F6B20B0024207D /* Assets.xcassets in Resources */ = {isa = PBXBuildFile; fileRef = B40C49E529F6B20B0024207D /* Assets.xcassets */; };
		B40C49E929F6B20B0024207D /* Preview Assets.xcassets in Resources */ = {isa = PBXBuildFile; fileRef = B40C49E829F6B20B0024207D /* Preview Assets.xcassets */; };
		B40C49F329F6B24E0024207D /* Stock.swift in Sources */ = {isa = PBXBuildFile; fileRef = B40C49EF29F6B24E0024207D /* Stock.swift */; };
		B40C49F429F6B24E0024207D /* UIKitView.storyboard in Resources */ = {isa = PBXBuildFile; fileRef = B40C49F029F6B24E0024207D /* UIKitView.storyboard */; };
		B40C49F529F6B24E0024207D /* UIKitView.swift in Sources */ = {isa = PBXBuildFile; fileRef = B40C49F129F6B24E0024207D /* UIKitView.swift */; };
		B40C49F629F6B24E0024207D /* ViewModel.swift in Sources */ = {isa = PBXBuildFile; fileRef = B40C49F229F6B24E0024207D /* ViewModel.swift */; };
		B4C030C829F76F4000C98802 /* Optionable.swift in Sources */ = {isa = PBXBuildFile; fileRef = B4C030C729F76F4000C98802 /* Optionable.swift */; };
		B4C030CA29F770B500C98802 /* Segment.swift in Sources */ = {isa = PBXBuildFile; fileRef = B4C030C929F770B500C98802 /* Segment.swift */; };
/* End PBXBuildFile section */

/* Begin PBXFileReference section */
		B40C49DE29F6B20A0024207D /* StockScreener.app */ = {isa = PBXFileReference; explicitFileType = wrapper.application; includeInIndex = 0; path = StockScreener.app; sourceTree = BUILT_PRODUCTS_DIR; };
		B40C49E129F6B20A0024207D /* StockScreenerApp.swift */ = {isa = PBXFileReference; lastKnownFileType = sourcecode.swift; path = StockScreenerApp.swift; sourceTree = "<group>"; };
		B40C49E329F6B20A0024207D /* SwiftUIView.swift */ = {isa = PBXFileReference; lastKnownFileType = sourcecode.swift; path = SwiftUIView.swift; sourceTree = "<group>"; };
		B40C49E529F6B20B0024207D /* Assets.xcassets */ = {isa = PBXFileReference; lastKnownFileType = folder.assetcatalog; path = Assets.xcassets; sourceTree = "<group>"; };
		B40C49E829F6B20B0024207D /* Preview Assets.xcassets */ = {isa = PBXFileReference; lastKnownFileType = folder.assetcatalog; path = "Preview Assets.xcassets"; sourceTree = "<group>"; };
		B40C49EF29F6B24E0024207D /* Stock.swift */ = {isa = PBXFileReference; fileEncoding = 4; lastKnownFileType = sourcecode.swift; path = Stock.swift; sourceTree = "<group>"; };
		B40C49F029F6B24E0024207D /* UIKitView.storyboard */ = {isa = PBXFileReference; fileEncoding = 4; lastKnownFileType = file.storyboard; path = UIKitView.storyboard; sourceTree = "<group>"; };
		B40C49F129F6B24E0024207D /* UIKitView.swift */ = {isa = PBXFileReference; fileEncoding = 4; lastKnownFileType = sourcecode.swift; path = UIKitView.swift; sourceTree = "<group>"; };
		B40C49F229F6B24E0024207D /* ViewModel.swift */ = {isa = PBXFileReference; fileEncoding = 4; lastKnownFileType = sourcecode.swift; path = ViewModel.swift; sourceTree = "<group>"; };
		B4C030C729F76F4000C98802 /* Optionable.swift */ = {isa = PBXFileReference; lastKnownFileType = sourcecode.swift; path = Optionable.swift; sourceTree = "<group>"; };
		B4C030C929F770B500C98802 /* Segment.swift */ = {isa = PBXFileReference; lastKnownFileType = sourcecode.swift; path = Segment.swift; sourceTree = "<group>"; };
/* End PBXFileReference section */

/* Begin PBXFrameworksBuildPhase section */
		B40C49DB29F6B20A0024207D /* Frameworks */ = {
			isa = PBXFrameworksBuildPhase;
			buildActionMask = 2147483647;
			files = (
			);
			runOnlyForDeploymentPostprocessing = 0;
		};
/* End PBXFrameworksBuildPhase section */

/* Begin PBXGroup section */
		B40C49D529F6B20A0024207D = {
			isa = PBXGroup;
			children = (
				B40C49E029F6B20A0024207D /* StockScreener */,
				B40C49DF29F6B20A0024207D /* Products */,
			);
			sourceTree = "<group>";
		};
		B40C49DF29F6B20A0024207D /* Products */ = {
			isa = PBXGroup;
			children = (
				B40C49DE29F6B20A0024207D /* StockScreener.app */,
			);
			name = Products;
			sourceTree = "<group>";
		};
		B40C49E029F6B20A0024207D /* StockScreener */ = {
			isa = PBXGroup;
			children = (
				B40C49E129F6B20A0024207D /* StockScreenerApp.swift */,
				B40C49E329F6B20A0024207D /* SwiftUIView.swift */,
				B40C49F129F6B24E0024207D /* UIKitView.swift */,
				B40C49F029F6B24E0024207D /* UIKitView.storyboard */,
				B4C030C929F770B500C98802 /* Segment.swift */,
				B40C49EF29F6B24E0024207D /* Stock.swift */,
				B4C030C729F76F4000C98802 /* Optionable.swift */,
				B40C49F229F6B24E0024207D /* ViewModel.swift */,
				B40C49E529F6B20B0024207D /* Assets.xcassets */,
				B40C49E729F6B20B0024207D /* Preview Content */,
			);
			path = StockScreener;
			sourceTree = "<group>";
		};
		B40C49E729F6B20B0024207D /* Preview Content */ = {
			isa = PBXGroup;
			children = (
				B40C49E829F6B20B0024207D /* Preview Assets.xcassets */,
			);
			path = "Preview Content";
			sourceTree = "<group>";
		};
/* End PBXGroup section */

/* Begin PBXNativeTarget section */
		B40C49DD29F6B20A0024207D /* StockScreener */ = {
			isa = PBXNativeTarget;
			buildConfigurationList = B40C49EC29F6B20B0024207D /* Build configuration list for PBXNativeTarget "StockScreener" */;
			buildPhases = (
				B40C49DA29F6B20A0024207D /* Sources */,
				B40C49DB29F6B20A0024207D /* Frameworks */,
				B40C49DC29F6B20A0024207D /* Resources */,
			);
			buildRules = (
			);
			dependencies = (
			);
			name = StockScreener;
			productName = StockScreener;
			productReference = B40C49DE29F6B20A0024207D /* StockScreener.app */;
			productType = "com.apple.product-type.application";
		};
/* End PBXNativeTarget section */

/* Begin PBXProject section */
		B40C49D629F6B20A0024207D /* Project object */ = {
			isa = PBXProject;
			attributes = {
				BuildIndependentTargetsInParallel = 1;
				LastSwiftUpdateCheck = 1410;
				LastUpgradeCheck = 1410;
				TargetAttributes = {
					B40C49DD29F6B20A0024207D = {
						CreatedOnToolsVersion = 14.1;
					};
				};
			};
			buildConfigurationList = B40C49D929F6B20A0024207D /* Build configuration list for PBXProject "StockScreener" */;
			compatibilityVersion = "Xcode 14.0";
			developmentRegion = en;
			hasScannedForEncodings = 0;
			knownRegions = (
				en,
				Base,
			);
			mainGroup = B40C49D529F6B20A0024207D;
			productRefGroup = B40C49DF29F6B20A0024207D /* Products */;
			projectDirPath = "";
			projectRoot = "";
			targets = (
				B40C49DD29F6B20A0024207D /* StockScreener */,
			);
		};
/* End PBXProject section */

/* Begin PBXResourcesBuildPhase section */
		B40C49DC29F6B20A0024207D /* Resources */ = {
			isa = PBXResourcesBuildPhase;
			buildActionMask = 2147483647;
			files = (
				B40C49F429F6B24E0024207D /* UIKitView.storyboard in Resources */,
				B40C49E929F6B20B0024207D /* Preview Assets.xcassets in Resources */,
				B40C49E629F6B20B0024207D /* Assets.xcassets in Resources */,
			);
			runOnlyForDeploymentPostprocessing = 0;
		};
/* End PBXResourcesBuildPhase section */

/* Begin PBXSourcesBuildPhase section */
		B40C49DA29F6B20A0024207D /* Sources */ = {
			isa = PBXSourcesBuildPhase;
			buildActionMask = 2147483647;
			files = (
				B40C49F629F6B24E0024207D /* ViewModel.swift in Sources */,
				B4C030C829F76F4000C98802 /* Optionable.swift in Sources */,
				B40C49E429F6B20A0024207D /* SwiftUIView.swift in Sources */,
				B4C030CA29F770B500C98802 /* Segment.swift in Sources */,
				B40C49E229F6B20A0024207D /* StockScreenerApp.swift in Sources */,
				B40C49F329F6B24E0024207D /* Stock.swift in Sources */,
				B40C49F529F6B24E0024207D /* UIKitView.swift in Sources */,
			);
			runOnlyForDeploymentPostprocessing = 0;
		};
/* End PBXSourcesBuildPhase section */

/* Begin XCBuildConfiguration section */
		B40C49EA29F6B20B0024207D /* Debug */ = {
			isa = XCBuildConfiguration;
			buildSettings = {
				ALWAYS_SEARCH_USER_PATHS = NO;
				CLANG_ANALYZER_NONNULL = YES;
				CLANG_ANALYZER_NUMBER_OBJECT_CONVERSION = YES_AGGRESSIVE;
				CLANG_CXX_LANGUAGE_STANDARD = "gnu++20";
				CLANG_ENABLE_MODULES = YES;
				CLANG_ENABLE_OBJC_ARC = YES;
				CLANG_ENABLE_OBJC_WEAK = YES;
				CLANG_WARN_BLOCK_CAPTURE_AUTORELEASING = YES;
				CLANG_WARN_BOOL_CONVERSION = YES;
				CLANG_WARN_COMMA = YES;
				CLANG_WARN_CONSTANT_CONVERSION = YES;
				CLANG_WARN_DEPRECATED_OBJC_IMPLEMENTATIONS = YES;
				CLANG_WARN_DIRECT_OBJC_ISA_USAGE = YES_ERROR;
				CLANG_WARN_DOCUMENTATION_COMMENTS = YES;
				CLANG_WARN_EMPTY_BODY = YES;
				CLANG_WARN_ENUM_CONVERSION = YES;
				CLANG_WARN_INFINITE_RECURSION = YES;
				CLANG_WARN_INT_CONVERSION = YES;
				CLANG_WARN_NON_LITERAL_NULL_CONVERSION = YES;
				CLANG_WARN_OBJC_IMPLICIT_RETAIN_SELF = YES;
				CLANG_WARN_OBJC_LITERAL_CONVERSION = YES;
				CLANG_WARN_OBJC_ROOT_CLASS = YES_ERROR;
				CLANG_WARN_QUOTED_INCLUDE_IN_FRAMEWORK_HEADER = YES;
				CLANG_WARN_RANGE_LOOP_ANALYSIS = YES;
				CLANG_WARN_STRICT_PROTOTYPES = YES;
				CLANG_WARN_SUSPICIOUS_MOVE = YES;
				CLANG_WARN_UNGUARDED_AVAILABILITY = YES_AGGRESSIVE;
				CLANG_WARN_UNREACHABLE_CODE = YES;
				CLANG_WARN__DUPLICATE_METHOD_MATCH = YES;
				COPY_PHASE_STRIP = NO;
				DEBUG_INFORMATION_FORMAT = dwarf;
				ENABLE_STRICT_OBJC_MSGSEND = YES;
				ENABLE_TESTABILITY = YES;
				GCC_C_LANGUAGE_STANDARD = gnu11;
				GCC_DYNAMIC_NO_PIC = NO;
				GCC_NO_COMMON_BLOCKS = YES;
				GCC_OPTIMIZATION_LEVEL = 0;
				GCC_PREPROCESSOR_DEFINITIONS = (
					"DEBUG=1",
					"$(inherited)",
				);
				GCC_WARN_64_TO_32_BIT_CONVERSION = YES;
				GCC_WARN_ABOUT_RETURN_TYPE = YES_ERROR;
				GCC_WARN_UNDECLARED_SELECTOR = YES;
				GCC_WARN_UNINITIALIZED_AUTOS = YES_AGGRESSIVE;
				GCC_WARN_UNUSED_FUNCTION = YES;
				GCC_WARN_UNUSED_VARIABLE = YES;
				IPHONEOS_DEPLOYMENT_TARGET = 15.0;
				MTL_ENABLE_DEBUG_INFO = INCLUDE_SOURCE;
				MTL_FAST_MATH = YES;
				ONLY_ACTIVE_ARCH = YES;
				SDKROOT = iphoneos;
				SWIFT_ACTIVE_COMPILATION_CONDITIONS = DEBUG;
				SWIFT_OPTIMIZATION_LEVEL = "-Onone";
			};
			name = Debug;
		};
		B40C49EB29F6B20B0024207D /* Release */ = {
			isa = XCBuildConfiguration;
			buildSettings = {
				ALWAYS_SEARCH_USER_PATHS = NO;
				CLANG_ANALYZER_NONNULL = YES;
				CLANG_ANALYZER_NUMBER_OBJECT_CONVERSION = YES_AGGRESSIVE;
				CLANG_CXX_LANGUAGE_STANDARD = "gnu++20";
				CLANG_ENABLE_MODULES = YES;
				CLANG_ENABLE_OBJC_ARC = YES;
				CLANG_ENABLE_OBJC_WEAK = YES;
				CLANG_WARN_BLOCK_CAPTURE_AUTORELEASING = YES;
				CLANG_WARN_BOOL_CONVERSION = YES;
				CLANG_WARN_COMMA = YES;
				CLANG_WARN_CONSTANT_CONVERSION = YES;
				CLANG_WARN_DEPRECATED_OBJC_IMPLEMENTATIONS = YES;
				CLANG_WARN_DIRECT_OBJC_ISA_USAGE = YES_ERROR;
				CLANG_WARN_DOCUMENTATION_COMMENTS = YES;
				CLANG_WARN_EMPTY_BODY = YES;
				CLANG_WARN_ENUM_CONVERSION = YES;
				CLANG_WARN_INFINITE_RECURSION = YES;
				CLANG_WARN_INT_CONVERSION = YES;
				CLANG_WARN_NON_LITERAL_NULL_CONVERSION = YES;
				CLANG_WARN_OBJC_IMPLICIT_RETAIN_SELF = YES;
				CLANG_WARN_OBJC_LITERAL_CONVERSION = YES;
				CLANG_WARN_OBJC_ROOT_CLASS = YES_ERROR;
				CLANG_WARN_QUOTED_INCLUDE_IN_FRAMEWORK_HEADER = YES;
				CLANG_WARN_RANGE_LOOP_ANALYSIS = YES;
				CLANG_WARN_STRICT_PROTOTYPES = YES;
				CLANG_WARN_SUSPICIOUS_MOVE = YES;
				CLANG_WARN_UNGUARDED_AVAILABILITY = YES_AGGRESSIVE;
				CLANG_WARN_UNREACHABLE_CODE = YES;
				CLANG_WARN__DUPLICATE_METHOD_MATCH = YES;
				COPY_PHASE_STRIP = NO;
				DEBUG_INFORMATION_FORMAT = "dwarf-with-dsym";
				ENABLE_NS_ASSERTIONS = NO;
				ENABLE_STRICT_OBJC_MSGSEND = YES;
				GCC_C_LANGUAGE_STANDARD = gnu11;
				GCC_NO_COMMON_BLOCKS = YES;
				GCC_WARN_64_TO_32_BIT_CONVERSION = YES;
				GCC_WARN_ABOUT_RETURN_TYPE = YES_ERROR;
				GCC_WARN_UNDECLARED_SELECTOR = YES;
				GCC_WARN_UNINITIALIZED_AUTOS = YES_AGGRESSIVE;
				GCC_WARN_UNUSED_FUNCTION = YES;
				GCC_WARN_UNUSED_VARIABLE = YES;
				IPHONEOS_DEPLOYMENT_TARGET = 15.0;
				MTL_ENABLE_DEBUG_INFO = NO;
				MTL_FAST_MATH = YES;
				SDKROOT = iphoneos;
				SWIFT_COMPILATION_MODE = wholemodule;
				SWIFT_OPTIMIZATION_LEVEL = "-O";
				VALIDATE_PRODUCT = YES;
			};
			name = Release;
		};
		B40C49ED29F6B20B0024207D /* Debug */ = {
			isa = XCBuildConfiguration;
			buildSettings = {
				ASSETCATALOG_COMPILER_APPICON_NAME = AppIcon;
				ASSETCATALOG_COMPILER_GLOBAL_ACCENT_COLOR_NAME = AccentColor;
				CODE_SIGN_STYLE = Automatic;
				CURRENT_PROJECT_VERSION = 1;
				DEVELOPMENT_ASSET_PATHS = "\"StockScreener/Preview Content\"";
				DEVELOPMENT_TEAM = MX2B93FCVT;
				ENABLE_PREVIEWS = YES;
				GENERATE_INFOPLIST_FILE = YES;
				INFOPLIST_KEY_UIApplicationSceneManifest_Generation = YES;
				INFOPLIST_KEY_UIApplicationSupportsIndirectInputEvents = YES;
				INFOPLIST_KEY_UILaunchScreen_Generation = YES;
				INFOPLIST_KEY_UISupportedInterfaceOrientations_iPad = "UIInterfaceOrientationPortrait UIInterfaceOrientationPortraitUpsideDown UIInterfaceOrientationLandscapeLeft UIInterfaceOrientationLandscapeRight";
				INFOPLIST_KEY_UISupportedInterfaceOrientations_iPhone = "UIInterfaceOrientationPortrait UIInterfaceOrientationLandscapeLeft UIInterfaceOrientationLandscapeRight";
				IPHONEOS_DEPLOYMENT_TARGET = 15.0;
				LD_RUNPATH_SEARCH_PATHS = (
					"$(inherited)",
					"@executable_path/Frameworks",
				);
				MARKETING_VERSION = 1.0;
				PRODUCT_BUNDLE_IDENTIFIER = com.skw398.StockScreener;
				PRODUCT_NAME = "$(TARGET_NAME)";
				SWIFT_EMIT_LOC_STRINGS = YES;
				SWIFT_VERSION = 5.0;
				TARGETED_DEVICE_FAMILY = "1,2";
			};
			name = Debug;
		};
		B40C49EE29F6B20B0024207D /* Release */ = {
			isa = XCBuildConfiguration;
			buildSettings = {
				ASSETCATALOG_COMPILER_APPICON_NAME = AppIcon;
				ASSETCATALOG_COMPILER_GLOBAL_ACCENT_COLOR_NAME = AccentColor;
				CODE_SIGN_STYLE = Automatic;
				CURRENT_PROJECT_VERSION = 1;
				DEVELOPMENT_ASSET_PATHS = "\"StockScreener/Preview Content\"";
				DEVELOPMENT_TEAM = MX2B93FCVT;
				ENABLE_PREVIEWS = YES;
				GENERATE_INFOPLIST_FILE = YES;
				INFOPLIST_KEY_UIApplicationSceneManifest_Generation = YES;
				INFOPLIST_KEY_UIApplicationSupportsIndirectInputEvents = YES;
				INFOPLIST_KEY_UILaunchScreen_Generation = YES;
				INFOPLIST_KEY_UISupportedInterfaceOrientations_iPad = "UIInterfaceOrientationPortrait UIInterfaceOrientationPortraitUpsideDown UIInterfaceOrientationLandscapeLeft UIInterfaceOrientationLandscapeRight";
				INFOPLIST_KEY_UISupportedInterfaceOrientations_iPhone = "UIInterfaceOrientationPortrait UIInterfaceOrientationLandscapeLeft UIInterfaceOrientationLandscapeRight";
				IPHONEOS_DEPLOYMENT_TARGET = 15.0;
				LD_RUNPATH_SEARCH_PATHS = (
					"$(inherited)",
					"@executable_path/Frameworks",
				);
				MARKETING_VERSION = 1.0;
				PRODUCT_BUNDLE_IDENTIFIER = com.skw398.StockScreener;
				PRODUCT_NAME = "$(TARGET_NAME)";
				SWIFT_EMIT_LOC_STRINGS = YES;
				SWIFT_VERSION = 5.0;
				TARGETED_DEVICE_FAMILY = "1,2";
			};
			name = Release;
		};
/* End XCBuildConfiguration section */

/* Begin XCConfigurationList section */
		B40C49D929F6B20A0024207D /* Build configuration list for PBXProject "StockScreener" */ = {
			isa = XCConfigurationList;
			buildConfigurations = (
				B40C49EA29F6B20B0024207D /* Debug */,
				B40C49EB29F6B20B0024207D /* Release */,
			);
			defaultConfigurationIsVisible = 0;
			defaultConfigurationName = Release;
		};
		B40C49EC29F6B20B0024207D /* Build configuration list for PBXNativeTarget "StockScreener" */ = {
			isa = XCConfigurationList;
			buildConfigurations = (
				B40C49ED29F6B20B0024207D /* Debug */,
				B40C49EE29F6B20B0024207D /* Release */,
			);
			defaultConfigurationIsVisible = 0;
			defaultConfigurationName = Release;
		};
/* End XCConfigurationList section */
	};
	rootObject = B40C49D629F6B20A0024207D /* Project object */;
}
